// !$*UTF8*$!
{
	archiveVersion = 1;
	classes = {
	};
	objectVersion = 50;
	objects = {

/* Begin PBXBuildFile section */
		5B62A63323F341D3005DA1D5 /* AppDelegate.swift in Sources */ = {isa = PBXBuildFile; fileRef = 5B62A63223F341D3005DA1D5 /* AppDelegate.swift */; };
		5B62A63523F341D3005DA1D5 /* SceneDelegate.swift in Sources */ = {isa = PBXBuildFile; fileRef = 5B62A63423F341D3005DA1D5 /* SceneDelegate.swift */; };
		5B62A63723F341D3005DA1D5 /* ContentView.swift in Sources */ = {isa = PBXBuildFile; fileRef = 5B62A63623F341D3005DA1D5 /* ContentView.swift */; };
		5B62A63923F341D6005DA1D5 /* Assets.xcassets in Resources */ = {isa = PBXBuildFile; fileRef = 5B62A63823F341D6005DA1D5 /* Assets.xcassets */; };
		5B62A63C23F341D6005DA1D5 /* Preview Assets.xcassets in Resources */ = {isa = PBXBuildFile; fileRef = 5B62A63B23F341D6005DA1D5 /* Preview Assets.xcassets */; };
		5B62A63F23F341D6005DA1D5 /* LaunchScreen.storyboard in Resources */ = {isa = PBXBuildFile; fileRef = 5B62A63D23F341D6005DA1D5 /* LaunchScreen.storyboard */; };
		5B62A64A23F341D7005DA1D5 /* venemedicinasiosTests.swift in Sources */ = {isa = PBXBuildFile; fileRef = 5B62A64923F341D7005DA1D5 /* venemedicinasiosTests.swift */; };
		5B62A65523F341D7005DA1D5 /* venemedicinasiosUITests.swift in Sources */ = {isa = PBXBuildFile; fileRef = 5B62A65423F341D7005DA1D5 /* venemedicinasiosUITests.swift */; };
		5B62A66323F46E7F005DA1D5 /* VenemedicinasApiList.swift in Sources */ = {isa = PBXBuildFile; fileRef = 5B62A66223F46E7F005DA1D5 /* VenemedicinasApiList.swift */; };
		5B62A66523F46FE6005DA1D5 /* NetworkingManager.swift in Sources */ = {isa = PBXBuildFile; fileRef = 5B62A66423F46FE6005DA1D5 /* NetworkingManager.swift */; };
		5BBEB99023F5F2B300951338 /* MedicamentRequest.swift in Sources */ = {isa = PBXBuildFile; fileRef = 5BBEB98F23F5F2B300951338 /* MedicamentRequest.swift */; };
		5BBEB99223F695FE00951338 /* MedicinModel.swift in Sources */ = {isa = PBXBuildFile; fileRef = 5BBEB99123F695FE00951338 /* MedicinModel.swift */; };
		5BBEB99423F696AF00951338 /* Webservice.swift in Sources */ = {isa = PBXBuildFile; fileRef = 5BBEB99323F696AF00951338 /* Webservice.swift */; };
		5BBEB99623F6EBE100951338 /* MedicamentDetail.swift in Sources */ = {isa = PBXBuildFile; fileRef = 5BBEB99523F6EBE100951338 /* MedicamentDetail.swift */; };
		5BBEB99823F6F3F000951338 /* MedicamentRow.swift in Sources */ = {isa = PBXBuildFile; fileRef = 5BBEB99723F6F3F000951338 /* MedicamentRow.swift */; };
/* End PBXBuildFile section */

/* Begin PBXContainerItemProxy section */
		5B62A64623F341D7005DA1D5 /* PBXContainerItemProxy */ = {
			isa = PBXContainerItemProxy;
			containerPortal = 5B62A62723F341D3005DA1D5 /* Project object */;
			proxyType = 1;
			remoteGlobalIDString = 5B62A62E23F341D3005DA1D5;
			remoteInfo = venemedicinasios;
		};
		5B62A65123F341D7005DA1D5 /* PBXContainerItemProxy */ = {
			isa = PBXContainerItemProxy;
			containerPortal = 5B62A62723F341D3005DA1D5 /* Project object */;
			proxyType = 1;
			remoteGlobalIDString = 5B62A62E23F341D3005DA1D5;
			remoteInfo = venemedicinasios;
		};
/* End PBXContainerItemProxy section */

/* Begin PBXFileReference section */
		5B62A62F23F341D3005DA1D5 /* venemedicinasios.app */ = {isa = PBXFileReference; explicitFileType = wrapper.application; includeInIndex = 0; path = venemedicinasios.app; sourceTree = BUILT_PRODUCTS_DIR; };
		5B62A63223F341D3005DA1D5 /* AppDelegate.swift */ = {isa = PBXFileReference; lastKnownFileType = sourcecode.swift; path = AppDelegate.swift; sourceTree = "<group>"; };
		5B62A63423F341D3005DA1D5 /* SceneDelegate.swift */ = {isa = PBXFileReference; lastKnownFileType = sourcecode.swift; path = SceneDelegate.swift; sourceTree = "<group>"; };
		5B62A63623F341D3005DA1D5 /* ContentView.swift */ = {isa = PBXFileReference; lastKnownFileType = sourcecode.swift; path = ContentView.swift; sourceTree = "<group>"; };
		5B62A63823F341D6005DA1D5 /* Assets.xcassets */ = {isa = PBXFileReference; lastKnownFileType = folder.assetcatalog; path = Assets.xcassets; sourceTree = "<group>"; };
		5B62A63B23F341D6005DA1D5 /* Preview Assets.xcassets */ = {isa = PBXFileReference; lastKnownFileType = folder.assetcatalog; path = "Preview Assets.xcassets"; sourceTree = "<group>"; };
		5B62A63E23F341D6005DA1D5 /* Base */ = {isa = PBXFileReference; lastKnownFileType = file.storyboard; name = Base; path = Base.lproj/LaunchScreen.storyboard; sourceTree = "<group>"; };
		5B62A64023F341D6005DA1D5 /* Info.plist */ = {isa = PBXFileReference; lastKnownFileType = text.plist.xml; path = Info.plist; sourceTree = "<group>"; };
		5B62A64523F341D7005DA1D5 /* venemedicinasiosTests.xctest */ = {isa = PBXFileReference; explicitFileType = wrapper.cfbundle; includeInIndex = 0; path = venemedicinasiosTests.xctest; sourceTree = BUILT_PRODUCTS_DIR; };
		5B62A64923F341D7005DA1D5 /* venemedicinasiosTests.swift */ = {isa = PBXFileReference; lastKnownFileType = sourcecode.swift; path = venemedicinasiosTests.swift; sourceTree = "<group>"; };
		5B62A64B23F341D7005DA1D5 /* Info.plist */ = {isa = PBXFileReference; lastKnownFileType = text.plist.xml; path = Info.plist; sourceTree = "<group>"; };
		5B62A65023F341D7005DA1D5 /* venemedicinasiosUITests.xctest */ = {isa = PBXFileReference; explicitFileType = wrapper.cfbundle; includeInIndex = 0; path = venemedicinasiosUITests.xctest; sourceTree = BUILT_PRODUCTS_DIR; };
		5B62A65423F341D7005DA1D5 /* venemedicinasiosUITests.swift */ = {isa = PBXFileReference; lastKnownFileType = sourcecode.swift; path = venemedicinasiosUITests.swift; sourceTree = "<group>"; };
		5B62A65623F341D7005DA1D5 /* Info.plist */ = {isa = PBXFileReference; lastKnownFileType = text.plist.xml; path = Info.plist; sourceTree = "<group>"; };
		5B62A66223F46E7F005DA1D5 /* VenemedicinasApiList.swift */ = {isa = PBXFileReference; lastKnownFileType = sourcecode.swift; path = VenemedicinasApiList.swift; sourceTree = "<group>"; };
		5B62A66423F46FE6005DA1D5 /* NetworkingManager.swift */ = {isa = PBXFileReference; lastKnownFileType = sourcecode.swift; path = NetworkingManager.swift; sourceTree = "<group>"; };
		5BBEB98F23F5F2B300951338 /* MedicamentRequest.swift */ = {isa = PBXFileReference; lastKnownFileType = sourcecode.swift; path = MedicamentRequest.swift; sourceTree = "<group>"; };
		5BBEB99123F695FE00951338 /* MedicinModel.swift */ = {isa = PBXFileReference; lastKnownFileType = sourcecode.swift; path = MedicinModel.swift; sourceTree = "<group>"; };
		5BBEB99323F696AF00951338 /* Webservice.swift */ = {isa = PBXFileReference; lastKnownFileType = sourcecode.swift; path = Webservice.swift; sourceTree = "<group>"; };
		5BBEB99523F6EBE100951338 /* MedicamentDetail.swift */ = {isa = PBXFileReference; lastKnownFileType = sourcecode.swift; path = MedicamentDetail.swift; sourceTree = "<group>"; };
		5BBEB99723F6F3F000951338 /* MedicamentRow.swift */ = {isa = PBXFileReference; lastKnownFileType = sourcecode.swift; path = MedicamentRow.swift; sourceTree = "<group>"; };
/* End PBXFileReference section */

/* Begin PBXFrameworksBuildPhase section */
		5B62A62C23F341D3005DA1D5 /* Frameworks */ = {
			isa = PBXFrameworksBuildPhase;
			buildActionMask = 2147483647;
			files = (
			);
			runOnlyForDeploymentPostprocessing = 0;
		};
		5B62A64223F341D7005DA1D5 /* Frameworks */ = {
			isa = PBXFrameworksBuildPhase;
			buildActionMask = 2147483647;
			files = (
			);
			runOnlyForDeploymentPostprocessing = 0;
		};
		5B62A64D23F341D7005DA1D5 /* Frameworks */ = {
			isa = PBXFrameworksBuildPhase;
			buildActionMask = 2147483647;
			files = (
			);
			runOnlyForDeploymentPostprocessing = 0;
		};
/* End PBXFrameworksBuildPhase section */

/* Begin PBXGroup section */
		5B62A62623F341D3005DA1D5 = {
			isa = PBXGroup;
			children = (
				5B62A63123F341D3005DA1D5 /* venemedicinasios */,
				5B62A64823F341D7005DA1D5 /* venemedicinasiosTests */,
				5B62A65323F341D7005DA1D5 /* venemedicinasiosUITests */,
				5B62A63023F341D3005DA1D5 /* Products */,
			);
			sourceTree = "<group>";
		};
		5B62A63023F341D3005DA1D5 /* Products */ = {
			isa = PBXGroup;
			children = (
				5B62A62F23F341D3005DA1D5 /* venemedicinasios.app */,
				5B62A64523F341D7005DA1D5 /* venemedicinasiosTests.xctest */,
				5B62A65023F341D7005DA1D5 /* venemedicinasiosUITests.xctest */,
			);
			name = Products;
			sourceTree = "<group>";
		};
		5B62A63123F341D3005DA1D5 /* venemedicinasios */ = {
			isa = PBXGroup;
			children = (
				5B62A63223F341D3005DA1D5 /* AppDelegate.swift */,
				5B62A63423F341D3005DA1D5 /* SceneDelegate.swift */,
				5BBEB99723F6F3F000951338 /* MedicamentRow.swift */,
				5B62A63623F341D3005DA1D5 /* ContentView.swift */,
				5BBEB99523F6EBE100951338 /* MedicamentDetail.swift */,
				5B62A63823F341D6005DA1D5 /* Assets.xcassets */,
				5B62A63D23F341D6005DA1D5 /* LaunchScreen.storyboard */,
				5B62A64023F341D6005DA1D5 /* Info.plist */,
				5B62A63A23F341D6005DA1D5 /* Preview Content */,
				5B62A66223F46E7F005DA1D5 /* VenemedicinasApiList.swift */,
				5B62A66423F46FE6005DA1D5 /* NetworkingManager.swift */,
				5BBEB98F23F5F2B300951338 /* MedicamentRequest.swift */,
				5BBEB99123F695FE00951338 /* MedicinModel.swift */,
				5BBEB99323F696AF00951338 /* Webservice.swift */,
			);
			path = venemedicinasios;
			sourceTree = "<group>";
		};
		5B62A63A23F341D6005DA1D5 /* Preview Content */ = {
			isa = PBXGroup;
			children = (
				5B62A63B23F341D6005DA1D5 /* Preview Assets.xcassets */,
			);
			path = "Preview Content";
			sourceTree = "<group>";
		};
		5B62A64823F341D7005DA1D5 /* venemedicinasiosTests */ = {
			isa = PBXGroup;
			children = (
				5B62A64923F341D7005DA1D5 /* venemedicinasiosTests.swift */,
				5B62A64B23F341D7005DA1D5 /* Info.plist */,
			);
			path = venemedicinasiosTests;
			sourceTree = "<group>";
		};
		5B62A65323F341D7005DA1D5 /* venemedicinasiosUITests */ = {
			isa = PBXGroup;
			children = (
				5B62A65423F341D7005DA1D5 /* venemedicinasiosUITests.swift */,
				5B62A65623F341D7005DA1D5 /* Info.plist */,
			);
			path = venemedicinasiosUITests;
			sourceTree = "<group>";
		};
/* End PBXGroup section */

/* Begin PBXNativeTarget section */
		5B62A62E23F341D3005DA1D5 /* venemedicinasios */ = {
			isa = PBXNativeTarget;
			buildConfigurationList = 5B62A65923F341D7005DA1D5 /* Build configuration list for PBXNativeTarget "venemedicinasios" */;
			buildPhases = (
				5B62A62B23F341D3005DA1D5 /* Sources */,
				5B62A62C23F341D3005DA1D5 /* Frameworks */,
				5B62A62D23F341D3005DA1D5 /* Resources */,
			);
			buildRules = (
			);
			dependencies = (
			);
			name = venemedicinasios;
			productName = venemedicinasios;
			productReference = 5B62A62F23F341D3005DA1D5 /* venemedicinasios.app */;
			productType = "com.apple.product-type.application";
		};
		5B62A64423F341D7005DA1D5 /* venemedicinasiosTests */ = {
			isa = PBXNativeTarget;
			buildConfigurationList = 5B62A65C23F341D7005DA1D5 /* Build configuration list for PBXNativeTarget "venemedicinasiosTests" */;
			buildPhases = (
				5B62A64123F341D7005DA1D5 /* Sources */,
				5B62A64223F341D7005DA1D5 /* Frameworks */,
				5B62A64323F341D7005DA1D5 /* Resources */,
			);
			buildRules = (
			);
			dependencies = (
				5B62A64723F341D7005DA1D5 /* PBXTargetDependency */,
			);
			name = venemedicinasiosTests;
			productName = venemedicinasiosTests;
			productReference = 5B62A64523F341D7005DA1D5 /* venemedicinasiosTests.xctest */;
			productType = "com.apple.product-type.bundle.unit-test";
		};
		5B62A64F23F341D7005DA1D5 /* venemedicinasiosUITests */ = {
			isa = PBXNativeTarget;
			buildConfigurationList = 5B62A65F23F341D7005DA1D5 /* Build configuration list for PBXNativeTarget "venemedicinasiosUITests" */;
			buildPhases = (
				5B62A64C23F341D7005DA1D5 /* Sources */,
				5B62A64D23F341D7005DA1D5 /* Frameworks */,
				5B62A64E23F341D7005DA1D5 /* Resources */,
			);
			buildRules = (
			);
			dependencies = (
				5B62A65223F341D7005DA1D5 /* PBXTargetDependency */,
			);
			name = venemedicinasiosUITests;
			productName = venemedicinasiosUITests;
			productReference = 5B62A65023F341D7005DA1D5 /* venemedicinasiosUITests.xctest */;
			productType = "com.apple.product-type.bundle.ui-testing";
		};
/* End PBXNativeTarget section */

/* Begin PBXProject section */
		5B62A62723F341D3005DA1D5 /* Project object */ = {
			isa = PBXProject;
			attributes = {
				LastSwiftUpdateCheck = 1130;
				LastUpgradeCheck = 1130;
				ORGANIZATIONNAME = venemedicinas;
				TargetAttributes = {
					5B62A62E23F341D3005DA1D5 = {
						CreatedOnToolsVersion = 11.3.1;
					};
					5B62A64423F341D7005DA1D5 = {
						CreatedOnToolsVersion = 11.3.1;
						TestTargetID = 5B62A62E23F341D3005DA1D5;
					};
					5B62A64F23F341D7005DA1D5 = {
						CreatedOnToolsVersion = 11.3.1;
						TestTargetID = 5B62A62E23F341D3005DA1D5;
					};
				};
			};
			buildConfigurationList = 5B62A62A23F341D3005DA1D5 /* Build configuration list for PBXProject "venemedicinasios" */;
			compatibilityVersion = "Xcode 9.3";
			developmentRegion = en;
			hasScannedForEncodings = 0;
			knownRegions = (
				en,
				Base,
			);
			mainGroup = 5B62A62623F341D3005DA1D5;
			productRefGroup = 5B62A63023F341D3005DA1D5 /* Products */;
			projectDirPath = "";
			projectRoot = "";
			targets = (
				5B62A62E23F341D3005DA1D5 /* venemedicinasios */,
				5B62A64423F341D7005DA1D5 /* venemedicinasiosTests */,
				5B62A64F23F341D7005DA1D5 /* venemedicinasiosUITests */,
			);
		};
/* End PBXProject section */

/* Begin PBXResourcesBuildPhase section */
		5B62A62D23F341D3005DA1D5 /* Resources */ = {
			isa = PBXResourcesBuildPhase;
			buildActionMask = 2147483647;
			files = (
				5B62A63F23F341D6005DA1D5 /* LaunchScreen.storyboard in Resources */,
				5B62A63C23F341D6005DA1D5 /* Preview Assets.xcassets in Resources */,
				5B62A63923F341D6005DA1D5 /* Assets.xcassets in Resources */,
			);
			runOnlyForDeploymentPostprocessing = 0;
		};
		5B62A64323F341D7005DA1D5 /* Resources */ = {
			isa = PBXResourcesBuildPhase;
			buildActionMask = 2147483647;
			files = (
			);
			runOnlyForDeploymentPostprocessing = 0;
		};
		5B62A64E23F341D7005DA1D5 /* Resources */ = {
			isa = PBXResourcesBuildPhase;
			buildActionMask = 2147483647;
			files = (
			);
			runOnlyForDeploymentPostprocessing = 0;
		};
/* End PBXResourcesBuildPhase section */

/* Begin PBXSourcesBuildPhase section */
		5B62A62B23F341D3005DA1D5 /* Sources */ = {
			isa = PBXSourcesBuildPhase;
			buildActionMask = 2147483647;
			files = (
				5BBEB99223F695FE00951338 /* MedicinModel.swift in Sources */,
				5B62A63323F341D3005DA1D5 /* AppDelegate.swift in Sources */,
				5BBEB99423F696AF00951338 /* Webservice.swift in Sources */,
				5BBEB99823F6F3F000951338 /* MedicamentRow.swift in Sources */,
				5B62A63523F341D3005DA1D5 /* SceneDelegate.swift in Sources */,
				5BBEB99023F5F2B300951338 /* MedicamentRequest.swift in Sources */,
				5B62A66323F46E7F005DA1D5 /* VenemedicinasApiList.swift in Sources */,
				5BBEB99623F6EBE100951338 /* MedicamentDetail.swift in Sources */,
				5B62A66523F46FE6005DA1D5 /* NetworkingManager.swift in Sources */,
				5B62A63723F341D3005DA1D5 /* ContentView.swift in Sources */,
			);
			runOnlyForDeploymentPostprocessing = 0;
		};
		5B62A64123F341D7005DA1D5 /* Sources */ = {
			isa = PBXSourcesBuildPhase;
			buildActionMask = 2147483647;
			files = (
				5B62A64A23F341D7005DA1D5 /* venemedicinasiosTests.swift in Sources */,
			);
			runOnlyForDeploymentPostprocessing = 0;
		};
		5B62A64C23F341D7005DA1D5 /* Sources */ = {
			isa = PBXSourcesBuildPhase;
			buildActionMask = 2147483647;
			files = (
				5B62A65523F341D7005DA1D5 /* venemedicinasiosUITests.swift in Sources */,
			);
			runOnlyForDeploymentPostprocessing = 0;
		};
/* End PBXSourcesBuildPhase section */

/* Begin PBXTargetDependency section */
		5B62A64723F341D7005DA1D5 /* PBXTargetDependency */ = {
			isa = PBXTargetDependency;
			target = 5B62A62E23F341D3005DA1D5 /* venemedicinasios */;
			targetProxy = 5B62A64623F341D7005DA1D5 /* PBXContainerItemProxy */;
		};
		5B62A65223F341D7005DA1D5 /* PBXTargetDependency */ = {
			isa = PBXTargetDependency;
			target = 5B62A62E23F341D3005DA1D5 /* venemedicinasios */;
			targetProxy = 5B62A65123F341D7005DA1D5 /* PBXContainerItemProxy */;
		};
/* End PBXTargetDependency section */

/* Begin PBXVariantGroup section */
		5B62A63D23F341D6005DA1D5 /* LaunchScreen.storyboard */ = {
			isa = PBXVariantGroup;
			children = (
				5B62A63E23F341D6005DA1D5 /* Base */,
			);
			name = LaunchScreen.storyboard;
			sourceTree = "<group>";
		};
/* End PBXVariantGroup section */

/* Begin XCBuildConfiguration section */
		5B62A65723F341D7005DA1D5 /* Debug */ = {
			isa = XCBuildConfiguration;
			buildSettings = {
				ALWAYS_SEARCH_USER_PATHS = NO;
				CLANG_ANALYZER_NONNULL = YES;
				CLANG_ANALYZER_NUMBER_OBJECT_CONVERSION = YES_AGGRESSIVE;
				CLANG_CXX_LANGUAGE_STANDARD = "gnu++14";
				CLANG_CXX_LIBRARY = "libc++";
				CLANG_ENABLE_MODULES = YES;
				CLANG_ENABLE_OBJC_ARC = YES;
				CLANG_ENABLE_OBJC_WEAK = YES;
				CLANG_WARN_BLOCK_CAPTURE_AUTORELEASING = YES;
				CLANG_WARN_BOOL_CONVERSION = YES;
				CLANG_WARN_COMMA = YES;
				CLANG_WARN_CONSTANT_CONVERSION = YES;
				CLANG_WARN_DEPRECATED_OBJC_IMPLEMENTATIONS = YES;
				CLANG_WARN_DIRECT_OBJC_ISA_USAGE = YES_ERROR;
				CLANG_WARN_DOCUMENTATION_COMMENTS = YES;
				CLANG_WARN_EMPTY_BODY = YES;
				CLANG_WARN_ENUM_CONVERSION = YES;
				CLANG_WARN_INFINITE_RECURSION = YES;
				CLANG_WARN_INT_CONVERSION = YES;
				CLANG_WARN_NON_LITERAL_NULL_CONVERSION = YES;
				CLANG_WARN_OBJC_IMPLICIT_RETAIN_SELF = YES;
				CLANG_WARN_OBJC_LITERAL_CONVERSION = YES;
				CLANG_WARN_OBJC_ROOT_CLASS = YES_ERROR;
				CLANG_WARN_RANGE_LOOP_ANALYSIS = YES;
				CLANG_WARN_STRICT_PROTOTYPES = YES;
				CLANG_WARN_SUSPICIOUS_MOVE = YES;
				CLANG_WARN_UNGUARDED_AVAILABILITY = YES_AGGRESSIVE;
				CLANG_WARN_UNREACHABLE_CODE = YES;
				CLANG_WARN__DUPLICATE_METHOD_MATCH = YES;
				COPY_PHASE_STRIP = NO;
				DEBUG_INFORMATION_FORMAT = dwarf;
				ENABLE_STRICT_OBJC_MSGSEND = YES;
				ENABLE_TESTABILITY = YES;
				GCC_C_LANGUAGE_STANDARD = gnu11;
				GCC_DYNAMIC_NO_PIC = NO;
				GCC_NO_COMMON_BLOCKS = YES;
				GCC_OPTIMIZATION_LEVEL = 0;
				GCC_PREPROCESSOR_DEFINITIONS = (
					"DEBUG=1",
					"$(inherited)",
				);
				GCC_WARN_64_TO_32_BIT_CONVERSION = YES;
				GCC_WARN_ABOUT_RETURN_TYPE = YES_ERROR;
				GCC_WARN_UNDECLARED_SELECTOR = YES;
				GCC_WARN_UNINITIALIZED_AUTOS = YES_AGGRESSIVE;
				GCC_WARN_UNUSED_FUNCTION = YES;
				GCC_WARN_UNUSED_VARIABLE = YES;
				IPHONEOS_DEPLOYMENT_TARGET = 13.2;
				MTL_ENABLE_DEBUG_INFO = INCLUDE_SOURCE;
				MTL_FAST_MATH = YES;
				ONLY_ACTIVE_ARCH = YES;
				SDKROOT = iphoneos;
				SWIFT_ACTIVE_COMPILATION_CONDITIONS = DEBUG;
				SWIFT_OPTIMIZATION_LEVEL = "-Onone";
			};
			name = Debug;
		};
		5B62A65823F341D7005DA1D5 /* Release */ = {
			isa = XCBuildConfiguration;
			buildSettings = {
				ALWAYS_SEARCH_USER_PATHS = NO;
				CLANG_ANALYZER_NONNULL = YES;
				CLANG_ANALYZER_NUMBER_OBJECT_CONVERSION = YES_AGGRESSIVE;
				CLANG_CXX_LANGUAGE_STANDARD = "gnu++14";
				CLANG_CXX_LIBRARY = "libc++";
				CLANG_ENABLE_MODULES = YES;
				CLANG_ENABLE_OBJC_ARC = YES;
				CLANG_ENABLE_OBJC_WEAK = YES;
				CLANG_WARN_BLOCK_CAPTURE_AUTORELEASING = YES;
				CLANG_WARN_BOOL_CONVERSION = YES;
				CLANG_WARN_COMMA = YES;
				CLANG_WARN_CONSTANT_CONVERSION = YES;
				CLANG_WARN_DEPRECATED_OBJC_IMPLEMENTATIONS = YES;
				CLANG_WARN_DIRECT_OBJC_ISA_USAGE = YES_ERROR;
				CLANG_WARN_DOCUMENTATION_COMMENTS = YES;
				CLANG_WARN_EMPTY_BODY = YES;
				CLANG_WARN_ENUM_CONVERSION = YES;
				CLANG_WARN_INFINITE_RECURSION = YES;
				CLANG_WARN_INT_CONVERSION = YES;
				CLANG_WARN_NON_LITERAL_NULL_CONVERSION = YES;
				CLANG_WARN_OBJC_IMPLICIT_RETAIN_SELF = YES;
				CLANG_WARN_OBJC_LITERAL_CONVERSION = YES;
				CLANG_WARN_OBJC_ROOT_CLASS = YES_ERROR;
				CLANG_WARN_RANGE_LOOP_ANALYSIS = YES;
				CLANG_WARN_STRICT_PROTOTYPES = YES;
				CLANG_WARN_SUSPICIOUS_MOVE = YES;
				CLANG_WARN_UNGUARDED_AVAILABILITY = YES_AGGRESSIVE;
				CLANG_WARN_UNREACHABLE_CODE = YES;
				CLANG_WARN__DUPLICATE_METHOD_MATCH = YES;
				COPY_PHASE_STRIP = NO;
				DEBUG_INFORMATION_FORMAT = "dwarf-with-dsym";
				ENABLE_NS_ASSERTIONS = NO;
				ENABLE_STRICT_OBJC_MSGSEND = YES;
				GCC_C_LANGUAGE_STANDARD = gnu11;
				GCC_NO_COMMON_BLOCKS = YES;
				GCC_WARN_64_TO_32_BIT_CONVERSION = YES;
				GCC_WARN_ABOUT_RETURN_TYPE = YES_ERROR;
				GCC_WARN_UNDECLARED_SELECTOR = YES;
				GCC_WARN_UNINITIALIZED_AUTOS = YES_AGGRESSIVE;
				GCC_WARN_UNUSED_FUNCTION = YES;
				GCC_WARN_UNUSED_VARIABLE = YES;
				IPHONEOS_DEPLOYMENT_TARGET = 13.2;
				MTL_ENABLE_DEBUG_INFO = NO;
				MTL_FAST_MATH = YES;
				SDKROOT = iphoneos;
				SWIFT_COMPILATION_MODE = wholemodule;
				SWIFT_OPTIMIZATION_LEVEL = "-O";
				VALIDATE_PRODUCT = YES;
			};
			name = Release;
		};
		5B62A65A23F341D7005DA1D5 /* Debug */ = {
			isa = XCBuildConfiguration;
			buildSettings = {
				ASSETCATALOG_COMPILER_APPICON_NAME = AppIcon;
				CODE_SIGN_STYLE = Automatic;
				DEVELOPMENT_ASSET_PATHS = "\"venemedicinasios/Preview Content\"";
				DEVELOPMENT_TEAM = 33SX3B8X57;
				ENABLE_PREVIEWS = YES;
				INFOPLIST_FILE = venemedicinasios/Info.plist;
				LD_RUNPATH_SEARCH_PATHS = (
					"$(inherited)",
					"@executable_path/Frameworks",
				);
				PRODUCT_BUNDLE_IDENTIFIER = com.AndresEloySanchezVargas.venemedicinasios;
				PRODUCT_NAME = "$(TARGET_NAME)";
				SWIFT_VERSION = 5.0;
				TARGETED_DEVICE_FAMILY = "1,2";
			};
			name = Debug;
		};
		5B62A65B23F341D7005DA1D5 /* Release */ = {
			isa = XCBuildConfiguration;
			buildSettings = {
				ASSETCATALOG_COMPILER_APPICON_NAME = AppIcon;
				CODE_SIGN_STYLE = Automatic;
				DEVELOPMENT_ASSET_PATHS = "\"venemedicinasios/Preview Content\"";
				DEVELOPMENT_TEAM = 33SX3B8X57;
				ENABLE_PREVIEWS = YES;
				INFOPLIST_FILE = venemedicinasios/Info.plist;
				LD_RUNPATH_SEARCH_PATHS = (
					"$(inherited)",
					"@executable_path/Frameworks",
				);
				PRODUCT_BUNDLE_IDENTIFIER = com.AndresEloySanchezVargas.venemedicinasios;
				PRODUCT_NAME = "$(TARGET_NAME)";
				SWIFT_VERSION = 5.0;
				TARGETED_DEVICE_FAMILY = "1,2";
			};
			name = Release;
		};
		5B62A65D23F341D7005DA1D5 /* Debug */ = {
			isa = XCBuildConfiguration;
			buildSettings = {
				ALWAYS_EMBED_SWIFT_STANDARD_LIBRARIES = YES;
				BUNDLE_LOADER = "$(TEST_HOST)";
				CODE_SIGN_STYLE = Automatic;
				DEVELOPMENT_TEAM = 33SX3B8X57;
				INFOPLIST_FILE = venemedicinasiosTests/Info.plist;
				IPHONEOS_DEPLOYMENT_TARGET = 13.2;
				LD_RUNPATH_SEARCH_PATHS = (
					"$(inherited)",
					"@executable_path/Frameworks",
					"@loader_path/Frameworks",
				);
				PRODUCT_BUNDLE_IDENTIFIER = com.AndresEloySanchezVargas.venemedicinasiosTests;
				PRODUCT_NAME = "$(TARGET_NAME)";
				SWIFT_VERSION = 5.0;
				TARGETED_DEVICE_FAMILY = "1,2";
				TEST_HOST = "$(BUILT_PRODUCTS_DIR)/venemedicinasios.app/venemedicinasios";
			};
			name = Debug;
		};
		5B62A65E23F341D7005DA1D5 /* Release */ = {
			isa = XCBuildConfiguration;
			buildSettings = {
				ALWAYS_EMBED_SWIFT_STANDARD_LIBRARIES = YES;
				BUNDLE_LOADER = "$(TEST_HOST)";
				CODE_SIGN_STYLE = Automatic;
				DEVELOPMENT_TEAM = 33SX3B8X57;
				INFOPLIST_FILE = venemedicinasiosTests/Info.plist;
				IPHONEOS_DEPLOYMENT_TARGET = 13.2;
				LD_RUNPATH_SEARCH_PATHS = (
					"$(inherited)",
					"@executable_path/Frameworks",
					"@loader_path/Frameworks",
				);
				PRODUCT_BUNDLE_IDENTIFIER = com.AndresEloySanchezVargas.venemedicinasiosTests;
				PRODUCT_NAME = "$(TARGET_NAME)";
				SWIFT_VERSION = 5.0;
				TARGETED_DEVICE_FAMILY = "1,2";
				TEST_HOST = "$(BUILT_PRODUCTS_DIR)/venemedicinasios.app/venemedicinasios";
			};
			name = Release;
		};
		5B62A66023F341D7005DA1D5 /* Debug */ = {
			isa = XCBuildConfiguration;
			buildSettings = {
				ALWAYS_EMBED_SWIFT_STANDARD_LIBRARIES = YES;
				CODE_SIGN_STYLE = Automatic;
				DEVELOPMENT_TEAM = 33SX3B8X57;
				INFOPLIST_FILE = venemedicinasiosUITests/Info.plist;
				LD_RUNPATH_SEARCH_PATHS = (
					"$(inherited)",
					"@executable_path/Frameworks",
					"@loader_path/Frameworks",
				);
				PRODUCT_BUNDLE_IDENTIFIER = com.AndresEloySanchezVargas.venemedicinasiosUITests;
				PRODUCT_NAME = "$(TARGET_NAME)";
				SWIFT_VERSION = 5.0;
				TARGETED_DEVICE_FAMILY = "1,2";
				TEST_TARGET_NAME = venemedicinasios;
			};
			name = Debug;
		};
		5B62A66123F341D7005DA1D5 /* Release */ = {
			isa = XCBuildConfiguration;
			buildSettings = {
				ALWAYS_EMBED_SWIFT_STANDARD_LIBRARIES = YES;
				CODE_SIGN_STYLE = Automatic;
				DEVELOPMENT_TEAM = 33SX3B8X57;
				INFOPLIST_FILE = venemedicinasiosUITests/Info.plist;
				LD_RUNPATH_SEARCH_PATHS = (
					"$(inherited)",
					"@executable_path/Frameworks",
					"@loader_path/Frameworks",
				);
				PRODUCT_BUNDLE_IDENTIFIER = com.AndresEloySanchezVargas.venemedicinasiosUITests;
				PRODUCT_NAME = "$(TARGET_NAME)";
				SWIFT_VERSION = 5.0;
				TARGETED_DEVICE_FAMILY = "1,2";
				TEST_TARGET_NAME = venemedicinasios;
			};
			name = Release;
		};
/* End XCBuildConfiguration section */

/* Begin XCConfigurationList section */
		5B62A62A23F341D3005DA1D5 /* Build configuration list for PBXProject "venemedicinasios" */ = {
			isa = XCConfigurationList;
			buildConfigurations = (
				5B62A65723F341D7005DA1D5 /* Debug */,
				5B62A65823F341D7005DA1D5 /* Release */,
			);
			defaultConfigurationIsVisible = 0;
			defaultConfigurationName = Release;
		};
		5B62A65923F341D7005DA1D5 /* Build configuration list for PBXNativeTarget "venemedicinasios" */ = {
			isa = XCConfigurationList;
			buildConfigurations = (
				5B62A65A23F341D7005DA1D5 /* Debug */,
				5B62A65B23F341D7005DA1D5 /* Release */,
			);
			defaultConfigurationIsVisible = 0;
			defaultConfigurationName = Release;
		};
		5B62A65C23F341D7005DA1D5 /* Build configuration list for PBXNativeTarget "venemedicinasiosTests" */ = {
			isa = XCConfigurationList;
			buildConfigurations = (
				5B62A65D23F341D7005DA1D5 /* Debug */,
				5B62A65E23F341D7005DA1D5 /* Release */,
			);
			defaultConfigurationIsVisible = 0;
			defaultConfigurationName = Release;
		};
		5B62A65F23F341D7005DA1D5 /* Build configuration list for PBXNativeTarget "venemedicinasiosUITests" */ = {
			isa = XCConfigurationList;
			buildConfigurations = (
				5B62A66023F341D7005DA1D5 /* Debug */,
				5B62A66123F341D7005DA1D5 /* Release */,
			);
			defaultConfigurationIsVisible = 0;
			defaultConfigurationName = Release;
		};
/* End XCConfigurationList section */
	};
	rootObject = 5B62A62723F341D3005DA1D5 /* Project object */;
}
